
Microsoft Visual Studio Solution File, Format Version 12.00
# Visual Studio Version 17
VisualStudioVersion = 17.9.34622.214
MinimumVisualStudioVersion = 10.0.40219.1
Project("{FAE04EC0-301F-11D3-BF4B-00C04F79EFBC}") = "BulkyWeb", "BulkyWeb\BulkyWeb.csproj", "{1513B84C-CFC0-4E58-A3D6-52A8D60084E3}"
EndProject
Global
	GlobalSection(SolutionConfigurationPlatforms) = preSolution
		Debug|Any CPU = Debug|Any CPU
		Release|Any CPU = Release|Any CPU
	EndGlobalSection
	GlobalSection(ProjectConfigurationPlatforms) = postSolution
		{1513B84C-CFC0-4E58-A3D6-52A8D60084E3}.Debug|Any CPU.ActiveCfg = Debug|Any CPU
		{1513B84C-CFC0-4E58-A3D6-52A8D60084E3}.Debug|Any CPU.Build.0 = Debug|Any CPU
		{1513B84C-CFC0-4E58-A3D6-52A8D60084E3}.Release|Any CPU.ActiveCfg = Release|Any CPU
		{1513B84C-CFC0-4E58-A3D6-52A8D60084E3}.Release|Any CPU.Build.0 = Release|Any CPU
	EndGlobalSection
	GlobalSection(SolutionProperties) = preSolution
		HideSolutionNode = FALSE
	EndGlobalSection
	GlobalSection(ExtensibilityGlobals) = postSolution
		SolutionGuid = {A6CC9E63-6FBE-4AD3-9B5B-C59819A4A346}
	EndGlobalSection
EndGlobal
